{
  "name": "react-antd",
  "version": "0.1.0",
  "lockfileVersion": 1,
  "requires": true,
  "dependencies": {
    "@babel/runtime": {
      "version": "7.9.2",
      "resolved": "https://registry.npm.taobao.org/@babel/runtime/download/@babel/runtime-7.9.2.tgz",
      "integrity": "sha1-2Q3wWDo6JS8JqqYZZlNnuuUY2wY=",
      "requires": {
        "regenerator-runtime": "^0.13.4"
      }
    },
    "@fortawesome/fontawesome-common-types": {
      "version": "0.2.28",
      "resolved": "https://registry.npm.taobao.org/@fortawesome/fontawesome-common-types/download/@fortawesome/fontawesome-common-types-0.2.28.tgz",
      "integrity": "sha1-EJG9/mOz8TlEHpy6J6oCK/+X2LI="
    },
    "@fortawesome/fontawesome-svg-core": {
      "version": "1.2.28",
      "resolved": "https://registry.npm.taobao.org/@fortawesome/fontawesome-svg-core/download/@fortawesome/fontawesome-svg-core-1.2.28.tgz?cache=0&sync_timestamp=1585007115676&other_urls=https%3A%2F%2Fregistry.npm.taobao.org%2F%40fortawesome%2Ffontawesome-svg-core%2Fdownload%2F%40fortawesome%2Ffontawesome-svg-core-1.2.28.tgz",
      "integrity": "sha1-5bjIgU7zdfAfXXwTLTw6L4Ojq/k=",
      "requires": {
        "@fortawesome/fontawesome-common-types": "^0.2.28"
      }
    },
    "@fortawesome/free-solid-svg-icons": {
      "version": "5.13.0",
      "resolved": "https://registry.npm.taobao.org/@fortawesome/free-solid-svg-icons/download/@fortawesome/free-solid-svg-icons-5.13.0.tgz?cache=0&sync_timestamp=1584981311283&other_urls=https%3A%2F%2Fregistry.npm.taobao.org%2F%40fortawesome%2Ffree-solid-svg-icons%2Fdownload%2F%40fortawesome%2Ffree-solid-svg-icons-5.13.0.tgz",
      "integrity": "sha1-RNkRhmitlrT9XJQ0pD78WQNSVzk=",
      "requires": {
        "@fortawesome/fontawesome-common-types": "^0.2.28"
      }
    },
    "@fortawesome/react-fontawesome": {
      "version": "0.1.9",
      "resolved": "https://registry.npm.taobao.org/@fortawesome/react-fontawesome/download/@fortawesome/react-fontawesome-0.1.9.tgz",
      "integrity": "sha1-yGW5KGxwdAfv/OyZlYBDcRNnzQI=",
      "requires": {
        "prop-types": "^15.7.2"
      }
    },
    "axios": {
      "version": "0.19.2",
      "resolved": "https://registry.npm.taobao.org/axios/download/axios-0.19.2.tgz",
      "integrity": "sha1-PqNsXYgY0NX4qKl6bTa4bNwAyyc=",
      "requires": {
        "follow-redirects": "1.5.10"
      }
    },
    "classnames": {
      "version": "2.2.6",
      "resolved": "https://registry.npm.taobao.org/classnames/download/classnames-2.2.6.tgz",
      "integrity": "sha1-Q5Nb/90pHzJtrQogUwmzjQD2UM4="
    },
    "csstype": {
      "version": "2.6.10",
      "resolved": "https://registry.npm.taobao.org/csstype/download/csstype-2.6.10.tgz?cache=0&sync_timestamp=1585557010149&other_urls=https%3A%2F%2Fregistry.npm.taobao.org%2Fcsstype%2Fdownload%2Fcsstype-2.6.10.tgz",
      "integrity": "sha1-5jr1DmbXwmbttrMpCc/Qqr4Dkos="
    },
    "debug": {
      "version": "3.1.0",
      "resolved": "https://registry.npm.taobao.org/debug/download/debug-3.1.0.tgz",
      "integrity": "sha1-W7WgZyYotkFJVmuhaBnmFRjGcmE=",
      "requires": {
        "ms": "2.0.0"
      }
    },
    "dom-helpers": {
      "version": "5.1.4",
      "resolved": "https://registry.npm.taobao.org/dom-helpers/download/dom-helpers-5.1.4.tgz",
      "integrity": "sha1-RgloCrXHmkXyUxRB8ZSbedZYf0s=",
      "requires": {
        "@babel/runtime": "^7.8.7",
        "csstype": "^2.6.7"
      }
    },
    "follow-redirects": {
      "version": "1.5.10",
      "resolved": "https://registry.npm.taobao.org/follow-redirects/download/follow-redirects-1.5.10.tgz",
      "integrity": "sha1-e3qfmuov3/NnhqlP9kPtB/T/Xio=",
      "requires": {
        "debug": "=3.1.0"
      }
    },
    "js-tokens": {
      "version": "4.0.0",
      "resolved": "https://registry.npm.taobao.org/js-tokens/download/js-tokens-4.0.0.tgz",
      "integrity": "sha1-GSA/tZmR35jjoocFDUZHzerzJJk="
    },
    "loose-envify": {
      "version": "1.4.0",
      "resolved": "https://registry.npm.taobao.org/loose-envify/download/loose-envify-1.4.0.tgz",
      "integrity": "sha1-ce5R+nvkyuwaY4OffmgtgTLTDK8=",
      "requires": {
        "js-tokens": "^3.0.0 || ^4.0.0"
      }
    },
    "ms": {
      "version": "2.0.0",
      "resolved": "https://registry.npm.taobao.org/ms/download/ms-2.0.0.tgz",
      "integrity": "sha1-VgiurfwAvmwpAd9fmGF4jeDVl8g="
    },
    "object-assign": {
      "version": "4.1.1",
      "resolved": "https://registry.npm.taobao.org/object-assign/download/object-assign-4.1.1.tgz",
      "integrity": "sha1-IQmtx5ZYh8/AXLvUQsrIv7s2CGM="
    },
    "prop-types": {
      "version": "15.7.2",
      "resolved": "https://registry.npm.taobao.org/prop-types/download/prop-types-15.7.2.tgz",
      "integrity": "sha1-UsQedbjIfnK52TYOAga5ncv/psU=",
      "requires": {
        "loose-envify": "^1.4.0",
        "object-assign": "^4.1.1",
        "react-is": "^16.8.1"
      }
    },
    "react-is": {
      "version": "16.13.1",
      "resolved": "https://registry.npm.taobao.org/react-is/download/react-is-16.13.1.tgz?cache=0&sync_timestamp=1586484609601&other_urls=https%3A%2F%2Fregistry.npm.taobao.org%2Freact-is%2Fdownload%2Freact-is-16.13.1.tgz",
      "integrity": "sha1-eJcppNw23imZ3BVt1sHZwYzqVqQ="
    },
    "react-transition-group": {
      "version": "4.3.0",
      "resolved": "https://registry.npm.taobao.org/react-transition-group/download/react-transition-group-4.3.0.tgz",
      "integrity": "sha1-/qgy44bPh5bFi2GHSjMZcE9c5oM=",
      "requires": {
        "@babel/runtime": "^7.5.5",
        "dom-helpers": "^5.0.1",
        "loose-envify": "^1.4.0",
        "prop-types": "^15.6.2"
      }
    },
    "regenerator-runtime": {
      "version": "0.13.5",
      "resolved": "https://registry.npm.taobao.org/regenerator-runtime/download/regenerator-runtime-0.13.5.tgz",
      "integrity": "sha1-2Hih0JS0MG0QuQlkhLM+vVXiZpc="
    }
  }
}
